
Microsoft Visual Studio Solution File, Format Version 12.00
# Visual Studio Version 17
VisualStudioVersion = 17.9.34616.47
MinimumVisualStudioVersion = 10.0.40219.1
Project("{FAE04EC0-301F-11D3-BF4B-00C04F79EFBC}") = "DomainDrivenDesign.ConsoleApp", "DomainDrivenDesign.ConsoleApp.csproj", "{5E3C8AEA-7F95-4D7A-8B55-F72733CCE41C}"
EndProject
Global
	GlobalSection(SolutionConfigurationPlatforms) = preSolution
		Debug|Any CPU = Debug|Any CPU
		Release|Any CPU = Release|Any CPU
	EndGlobalSection
	GlobalSection(ProjectConfigurationPlatforms) = postSolution
		{5E3C8AEA-7F95-4D7A-8B55-F72733CCE41C}.Debug|Any CPU.ActiveCfg = Debug|Any CPU
		{5E3C8AEA-7F95-4D7A-8B55-F72733CCE41C}.Debug|Any CPU.Build.0 = Debug|Any CPU
		{5E3C8AEA-7F95-4D7A-8B55-F72733CCE41C}.Release|Any CPU.ActiveCfg = Release|Any CPU
		{5E3C8AEA-7F95-4D7A-8B55-F72733CCE41C}.Release|Any CPU.Build.0 = Release|Any CPU
	EndGlobalSection
	GlobalSection(SolutionProperties) = preSolution
		HideSolutionNode = FALSE
	EndGlobalSection
	GlobalSection(ExtensibilityGlobals) = postSolution
		SolutionGuid = {5DEE3EE3-DC22-4958-B238-44D8F5C70C02}
	EndGlobalSection
EndGlobal
